
Microsoft Visual Studio Solution File, Format Version 12.00
# Visual Studio 14
VisualStudioVersion = 14.0.25420.1
MinimumVisualStudioVersion = 10.0.40219.1
Project("{FAE04EC0-301F-11D3-BF4B-00C04F79EFBC}") = "Aplicacao01", "Aplicacao01\Aplicacao01.csproj", "{18FD825A-78D7-4ACC-A3C6-44AABEA95637}"
EndProject
Global
	GlobalSection(SolutionConfigurationPlatforms) = preSolution
		Debug|Any CPU = Debug|Any CPU
		Release|Any CPU = Release|Any CPU
	EndGlobalSection
	GlobalSection(ProjectConfigurationPlatforms) = postSolution
		{18FD825A-78D7-4ACC-A3C6-44AABEA95637}.Debug|Any CPU.ActiveCfg = Debug|Any CPU
		{18FD825A-78D7-4ACC-A3C6-44AABEA95637}.Debug|Any CPU.Build.0 = Debug|Any CPU
		{18FD825A-78D7-4ACC-A3C6-44AABEA95637}.Release|Any CPU.ActiveCfg = Release|Any CPU
		{18FD825A-78D7-4ACC-A3C6-44AABEA95637}.Release|Any CPU.Build.0 = Release|Any CPU
	EndGlobalSection
	GlobalSection(SolutionProperties) = preSolution
		HideSolutionNode = FALSE
	EndGlobalSection
EndGlobal
